
Microsoft Visual Studio Solution File, Format Version 12.00
# Visual Studio Version 17
VisualStudioVersion = 17.6.33829.357
MinimumVisualStudioVersion = 10.0.40219.1
Project("{2150E333-8FDC-42A3-9474-1A3956D46DE8}") = "01 Kintamieji", "01 Kintamieji", "{7D9DB921-8EAE-40D3-91AA-8AA6520F488E}"
EndProject
Project("{FAE04EC0-301F-11D3-BF4B-00C04F79EFBC}") = "DemoKintamieji", "DemoKintamieji\DemoKintamieji.csproj", "{EFB5D0E5-0F2F-44FC-96AC-B7760DFE842D}"
EndProject
Project("{2150E333-8FDC-42A3-9474-1A3956D46DE8}") = "02 Isvedimas", "02 Isvedimas", "{0272232B-5811-4CB2-A927-6C130E07A8E1}"
EndProject
Project("{FAE04EC0-301F-11D3-BF4B-00C04F79EFBC}") = "DemoIsvedimas", "DemoIsvedimas\DemoIsvedimas.csproj", "{9A728C8F-8E15-4233-8725-4498CECE4994}"
EndProject
Project("{2150E333-8FDC-42A3-9474-1A3956D46DE8}") = "03 Aritmetiniai Veiksmai", "03 Aritmetiniai Veiksmai", "{357A0F3A-D213-4116-8A6F-F53552BA5640}"
EndProject
Project("{FAE04EC0-301F-11D3-BF4B-00C04F79EFBC}") = "DemoAritmetiniaiVeiksmai", "DemoAritmetiniaiVeiksmai\DemoAritmetiniaiVeiksmai.csproj", "{82AAD9A2-27D4-4EC4-93C8-A006CEBA74FB}"
EndProject
Project("{2150E333-8FDC-42A3-9474-1A3956D46DE8}") = "04 Ivedimas", "04 Ivedimas", "{C057C049-F4F3-405B-A6B2-C17EE30A3C8A}"
EndProject
Project("{FAE04EC0-301F-11D3-BF4B-00C04F79EFBC}") = "DemoIvedimas", "DemoIvedimas\DemoIvedimas.csproj", "{39E64C70-441D-40C1-B344-FFF2D2A687F0}"
EndProject
Project("{FAE04EC0-301F-11D3-BF4B-00C04F79EFBC}") = "Uzduotis01", "Uzduotis01\Uzduotis01.csproj", "{595060C2-E395-4465-87A0-AA32E46E1665}"
EndProject
Project("{FAE04EC0-301F-11D3-BF4B-00C04F79EFBC}") = "Uzduotis02", "Uzduotis02\Uzduotis02.csproj", "{80F13E4E-FCD0-4993-A3B6-4F33AA059D2A}"
EndProject
Project("{FAE04EC0-301F-11D3-BF4B-00C04F79EFBC}") = "Uzduotis03", "Uzduotis03\Uzduotis03.csproj", "{A2CE8CF1-0B91-4227-A59B-B6DA5D2EBBE1}"
EndProject
Project("{FAE04EC0-301F-11D3-BF4B-00C04F79EFBC}") = "Uzduotis04", "Uzduotis04\Uzduotis04.csproj", "{9C7FEB5D-3D56-4083-9CDA-4EDE530537D5}"
EndProject
Project("{FAE04EC0-301F-11D3-BF4B-00C04F79EFBC}") = "Uzduotis05", "Uzduotis05\Uzduotis05.csproj", "{E83FA00D-067A-409E-AAEE-89338F6E0DF0}"
EndProject
Project("{FAE04EC0-301F-11D3-BF4B-00C04F79EFBC}") = "Uzduotis06", "Uzduotis06\Uzduotis06.csproj", "{72A6F307-933D-40BF-92CB-CD09257D3CC0}"
EndProject
Project("{2150E333-8FDC-42A3-9474-1A3956D46DE8}") = "05 If Salyga", "05 If Salyga", "{646DBCB5-DC4F-480E-93CF-18B2E2448AB5}"
EndProject
Project("{FAE04EC0-301F-11D3-BF4B-00C04F79EFBC}") = "DemoIfSalyga", "DemoIfSalyga\DemoIfSalyga.csproj", "{E1073E26-79AD-478C-8074-D26BF66FE56C}"
EndProject
Global
	GlobalSection(SolutionConfigurationPlatforms) = preSolution
		Debug|Any CPU = Debug|Any CPU
		Release|Any CPU = Release|Any CPU
	EndGlobalSection
	GlobalSection(ProjectConfigurationPlatforms) = postSolution
		{EFB5D0E5-0F2F-44FC-96AC-B7760DFE842D}.Debug|Any CPU.ActiveCfg = Debug|Any CPU
		{EFB5D0E5-0F2F-44FC-96AC-B7760DFE842D}.Debug|Any CPU.Build.0 = Debug|Any CPU
		{EFB5D0E5-0F2F-44FC-96AC-B7760DFE842D}.Release|Any CPU.ActiveCfg = Release|Any CPU
		{EFB5D0E5-0F2F-44FC-96AC-B7760DFE842D}.Release|Any CPU.Build.0 = Release|Any CPU
		{9A728C8F-8E15-4233-8725-4498CECE4994}.Debug|Any CPU.ActiveCfg = Debug|Any CPU
		{9A728C8F-8E15-4233-8725-4498CECE4994}.Debug|Any CPU.Build.0 = Debug|Any CPU
		{9A728C8F-8E15-4233-8725-4498CECE4994}.Release|Any CPU.ActiveCfg = Release|Any CPU
		{9A728C8F-8E15-4233-8725-4498CECE4994}.Release|Any CPU.Build.0 = Release|Any CPU
		{82AAD9A2-27D4-4EC4-93C8-A006CEBA74FB}.Debug|Any CPU.ActiveCfg = Debug|Any CPU
		{82AAD9A2-27D4-4EC4-93C8-A006CEBA74FB}.Debug|Any CPU.Build.0 = Debug|Any CPU
		{82AAD9A2-27D4-4EC4-93C8-A006CEBA74FB}.Release|Any CPU.ActiveCfg = Release|Any CPU
		{82AAD9A2-27D4-4EC4-93C8-A006CEBA74FB}.Release|Any CPU.Build.0 = Release|Any CPU
		{39E64C70-441D-40C1-B344-FFF2D2A687F0}.Debug|Any CPU.ActiveCfg = Debug|Any CPU
		{39E64C70-441D-40C1-B344-FFF2D2A687F0}.Debug|Any CPU.Build.0 = Debug|Any CPU
		{39E64C70-441D-40C1-B344-FFF2D2A687F0}.Release|Any CPU.ActiveCfg = Release|Any CPU
		{39E64C70-441D-40C1-B344-FFF2D2A687F0}.Release|Any CPU.Build.0 = Release|Any CPU
		{595060C2-E395-4465-87A0-AA32E46E1665}.Debug|Any CPU.ActiveCfg = Debug|Any CPU
		{595060C2-E395-4465-87A0-AA32E46E1665}.Debug|Any CPU.Build.0 = Debug|Any CPU
		{595060C2-E395-4465-87A0-AA32E46E1665}.Release|Any CPU.ActiveCfg = Release|Any CPU
		{595060C2-E395-4465-87A0-AA32E46E1665}.Release|Any CPU.Build.0 = Release|Any CPU
		{80F13E4E-FCD0-4993-A3B6-4F33AA059D2A}.Debug|Any CPU.ActiveCfg = Debug|Any CPU
		{80F13E4E-FCD0-4993-A3B6-4F33AA059D2A}.Debug|Any CPU.Build.0 = Debug|Any CPU
		{80F13E4E-FCD0-4993-A3B6-4F33AA059D2A}.Release|Any CPU.ActiveCfg = Release|Any CPU
		{80F13E4E-FCD0-4993-A3B6-4F33AA059D2A}.Release|Any CPU.Build.0 = Release|Any CPU
		{A2CE8CF1-0B91-4227-A59B-B6DA5D2EBBE1}.Debug|Any CPU.ActiveCfg = Debug|Any CPU
		{A2CE8CF1-0B91-4227-A59B-B6DA5D2EBBE1}.Debug|Any CPU.Build.0 = Debug|Any CPU
		{A2CE8CF1-0B91-4227-A59B-B6DA5D2EBBE1}.Release|Any CPU.ActiveCfg = Release|Any CPU
		{A2CE8CF1-0B91-4227-A59B-B6DA5D2EBBE1}.Release|Any CPU.Build.0 = Release|Any CPU
		{9C7FEB5D-3D56-4083-9CDA-4EDE530537D5}.Debug|Any CPU.ActiveCfg = Debug|Any CPU
		{9C7FEB5D-3D56-4083-9CDA-4EDE530537D5}.Debug|Any CPU.Build.0 = Debug|Any CPU
		{9C7FEB5D-3D56-4083-9CDA-4EDE530537D5}.Release|Any CPU.ActiveCfg = Release|Any CPU
		{9C7FEB5D-3D56-4083-9CDA-4EDE530537D5}.Release|Any CPU.Build.0 = Release|Any CPU
		{E83FA00D-067A-409E-AAEE-89338F6E0DF0}.Debug|Any CPU.ActiveCfg = Debug|Any CPU
		{E83FA00D-067A-409E-AAEE-89338F6E0DF0}.Debug|Any CPU.Build.0 = Debug|Any CPU
		{E83FA00D-067A-409E-AAEE-89338F6E0DF0}.Release|Any CPU.ActiveCfg = Release|Any CPU
		{E83FA00D-067A-409E-AAEE-89338F6E0DF0}.Release|Any CPU.Build.0 = Release|Any CPU
		{72A6F307-933D-40BF-92CB-CD09257D3CC0}.Debug|Any CPU.ActiveCfg = Debug|Any CPU
		{72A6F307-933D-40BF-92CB-CD09257D3CC0}.Debug|Any CPU.Build.0 = Debug|Any CPU
		{72A6F307-933D-40BF-92CB-CD09257D3CC0}.Release|Any CPU.ActiveCfg = Release|Any CPU
		{72A6F307-933D-40BF-92CB-CD09257D3CC0}.Release|Any CPU.Build.0 = Release|Any CPU
		{E1073E26-79AD-478C-8074-D26BF66FE56C}.Debug|Any CPU.ActiveCfg = Debug|Any CPU
		{E1073E26-79AD-478C-8074-D26BF66FE56C}.Debug|Any CPU.Build.0 = Debug|Any CPU
		{E1073E26-79AD-478C-8074-D26BF66FE56C}.Release|Any CPU.ActiveCfg = Release|Any CPU
		{E1073E26-79AD-478C-8074-D26BF66FE56C}.Release|Any CPU.Build.0 = Release|Any CPU
	EndGlobalSection
	GlobalSection(SolutionProperties) = preSolution
		HideSolutionNode = FALSE
	EndGlobalSection
	GlobalSection(NestedProjects) = preSolution
		{EFB5D0E5-0F2F-44FC-96AC-B7760DFE842D} = {7D9DB921-8EAE-40D3-91AA-8AA6520F488E}
		{9A728C8F-8E15-4233-8725-4498CECE4994} = {0272232B-5811-4CB2-A927-6C130E07A8E1}
		{82AAD9A2-27D4-4EC4-93C8-A006CEBA74FB} = {357A0F3A-D213-4116-8A6F-F53552BA5640}
		{39E64C70-441D-40C1-B344-FFF2D2A687F0} = {C057C049-F4F3-405B-A6B2-C17EE30A3C8A}
		{595060C2-E395-4465-87A0-AA32E46E1665} = {0272232B-5811-4CB2-A927-6C130E07A8E1}
		{80F13E4E-FCD0-4993-A3B6-4F33AA059D2A} = {0272232B-5811-4CB2-A927-6C130E07A8E1}
		{A2CE8CF1-0B91-4227-A59B-B6DA5D2EBBE1} = {0272232B-5811-4CB2-A927-6C130E07A8E1}
		{9C7FEB5D-3D56-4083-9CDA-4EDE530537D5} = {0272232B-5811-4CB2-A927-6C130E07A8E1}
		{E83FA00D-067A-409E-AAEE-89338F6E0DF0} = {357A0F3A-D213-4116-8A6F-F53552BA5640}
		{72A6F307-933D-40BF-92CB-CD09257D3CC0} = {357A0F3A-D213-4116-8A6F-F53552BA5640}
		{E1073E26-79AD-478C-8074-D26BF66FE56C} = {646DBCB5-DC4F-480E-93CF-18B2E2448AB5}
	EndGlobalSection
	GlobalSection(ExtensibilityGlobals) = postSolution
		SolutionGuid = {8E885A1A-0333-4BD9-9208-5AF1E3E22609}
	EndGlobalSection
EndGlobal
