
Microsoft Visual Studio Solution File, Format Version 12.00
# Visual Studio Version 17
VisualStudioVersion = 17.6.33829.357
MinimumVisualStudioVersion = 10.0.40219.1
Project("{2150E333-8FDC-42A3-9474-1A3956D46DE8}") = "01 Kintamieji", "01 Kintamieji", "{7D9DB921-8EAE-40D3-91AA-8AA6520F488E}"
EndProject
Project("{FAE04EC0-301F-11D3-BF4B-00C04F79EFBC}") = "DemoKintamieji", "DemoKintamieji\DemoKintamieji.csproj", "{EFB5D0E5-0F2F-44FC-96AC-B7760DFE842D}"
EndProject
Project("{2150E333-8FDC-42A3-9474-1A3956D46DE8}") = "02 Isvedimas", "02 Isvedimas", "{0272232B-5811-4CB2-A927-6C130E07A8E1}"
EndProject
Project("{FAE04EC0-301F-11D3-BF4B-00C04F79EFBC}") = "DemoIsvedimas", "DemoIsvedimas\DemoIsvedimas.csproj", "{9A728C8F-8E15-4233-8725-4498CECE4994}"
EndProject
Project("{2150E333-8FDC-42A3-9474-1A3956D46DE8}") = "03 Aritmetiniai Veiksmai", "03 Aritmetiniai Veiksmai", "{357A0F3A-D213-4116-8A6F-F53552BA5640}"
EndProject
Project("{FAE04EC0-301F-11D3-BF4B-00C04F79EFBC}") = "DemoAritmetiniaiVeiksmai", "DemoAritmetiniaiVeiksmai\DemoAritmetiniaiVeiksmai.csproj", "{82AAD9A2-27D4-4EC4-93C8-A006CEBA74FB}"
EndProject
Project("{2150E333-8FDC-42A3-9474-1A3956D46DE8}") = "04 Ivedimas", "04 Ivedimas", "{C057C049-F4F3-405B-A6B2-C17EE30A3C8A}"
EndProject
Project("{FAE04EC0-301F-11D3-BF4B-00C04F79EFBC}") = "DemoIvedimas", "DemoIvedimas\DemoIvedimas.csproj", "{39E64C70-441D-40C1-B344-FFF2D2A687F0}"
EndProject
Project("{FAE04EC0-301F-11D3-BF4B-00C04F79EFBC}") = "Uzduotis01", "Uzduotis01\Uzduotis01.csproj", "{595060C2-E395-4465-87A0-AA32E46E1665}"
EndProject
Project("{FAE04EC0-301F-11D3-BF4B-00C04F79EFBC}") = "Uzduotis02", "Uzduotis02\Uzduotis02.csproj", "{80F13E4E-FCD0-4993-A3B6-4F33AA059D2A}"
EndProject
Project("{FAE04EC0-301F-11D3-BF4B-00C04F79EFBC}") = "Uzduotis03", "Uzduotis03\Uzduotis03.csproj", "{A2CE8CF1-0B91-4227-A59B-B6DA5D2EBBE1}"
EndProject
Project("{FAE04EC0-301F-11D3-BF4B-00C04F79EFBC}") = "Uzduotis04", "Uzduotis04\Uzduotis04.csproj", "{9C7FEB5D-3D56-4083-9CDA-4EDE530537D5}"
EndProject
Project("{FAE04EC0-301F-11D3-BF4B-00C04F79EFBC}") = "Uzduotis05", "Uzduotis05\Uzduotis05.csproj", "{E83FA00D-067A-409E-AAEE-89338F6E0DF0}"
EndProject
Project("{FAE04EC0-301F-11D3-BF4B-00C04F79EFBC}") = "Uzduotis06", "Uzduotis06\Uzduotis06.csproj", "{72A6F307-933D-40BF-92CB-CD09257D3CC0}"
EndProject
Project("{2150E333-8FDC-42A3-9474-1A3956D46DE8}") = "05 If Salyga", "05 If Salyga", "{646DBCB5-DC4F-480E-93CF-18B2E2448AB5}"
EndProject
Project("{FAE04EC0-301F-11D3-BF4B-00C04F79EFBC}") = "DemoIfSalyga", "DemoIfSalyga\DemoIfSalyga.csproj", "{E1073E26-79AD-478C-8074-D26BF66FE56C}"
EndProject
Project("{2150E333-8FDC-42A3-9474-1A3956D46DE8}") = "06 Switch Salyga", "06 Switch Salyga", "{A13AA6EC-74B9-48D9-99A1-3186E78C4DEF}"
EndProject
Project("{FAE04EC0-301F-11D3-BF4B-00C04F79EFBC}") = "DemoSwitch", "DemoSwitch\DemoSwitch.csproj", "{58E01A3E-CC9C-4F9B-A61C-31A92CF10991}"
EndProject
Project("{2150E333-8FDC-42A3-9474-1A3956D46DE8}") = "07 For Ciklas", "07 For Ciklas", "{AAEEB684-1883-40D7-A5EF-CBDEB3A3ABC1}"
EndProject
Project("{FAE04EC0-301F-11D3-BF4B-00C04F79EFBC}") = "DemoForCiklas", "DemoForCiklas\DemoForCiklas.csproj", "{679BDDA8-700F-4190-92B8-D3E34FAB0ECF}"
EndProject
Project("{2150E333-8FDC-42A3-9474-1A3956D46DE8}") = "08 While Ciklas", "08 While Ciklas", "{9E968F50-3F69-4801-8613-70D465028A13}"
EndProject
Project("{FAE04EC0-301F-11D3-BF4B-00C04F79EFBC}") = "DemoWhile", "DemoWhile\DemoWhile.csproj", "{464A593A-932F-490E-8DD1-764189A47299}"
EndProject
Project("{2150E333-8FDC-42A3-9474-1A3956D46DE8}") = "09 Masyvai", "09 Masyvai", "{70DC7690-8102-41B0-9EB4-95638C9515FB}"
EndProject
Project("{FAE04EC0-301F-11D3-BF4B-00C04F79EFBC}") = "DemoMasyvai", "DemoMasyvai\DemoMasyvai.csproj", "{273B133F-87C3-439D-9073-5A8A4FE9291A}"
EndProject
Project("{2150E333-8FDC-42A3-9474-1A3956D46DE8}") = "10 Sarasai", "10 Sarasai", "{3AAF1A6E-853E-479B-9903-97773275207D}"
EndProject
Project("{FAE04EC0-301F-11D3-BF4B-00C04F79EFBC}") = "DemoSarasai", "DemoSarasai\DemoSarasai.csproj", "{2647E8B4-FCA1-4526-AD3A-ECD7D7DD0F64}"
EndProject
Project("{2150E333-8FDC-42A3-9474-1A3956D46DE8}") = "11 Metodai", "11 Metodai", "{C3D15B06-35DA-4B45-8EAA-E5D5FF8B158D}"
EndProject
Project("{FAE04EC0-301F-11D3-BF4B-00C04F79EFBC}") = "DemoMetodai", "DemoMetodai\DemoMetodai.csproj", "{C355BF92-BDCB-416D-B008-9F046C27C2F9}"
EndProject
Project("{2150E333-8FDC-42A3-9474-1A3956D46DE8}") = "12 Klases", "12 Klases", "{1939F014-B210-4DC8-82E2-2A84641EC11C}"
EndProject
Project("{FAE04EC0-301F-11D3-BF4B-00C04F79EFBC}") = "DemoKlases", "DemoKlases\DemoKlases.csproj", "{2396435C-9B39-4C79-826E-8006943A0463}"
EndProject
Project("{FAE04EC0-301F-11D3-BF4B-00C04F79EFBC}") = "Uzduotis07", "Uzduotis07\Uzduotis07.csproj", "{31986544-24AE-4B19-9233-CF114E3F0673}"
EndProject
Project("{FAE04EC0-301F-11D3-BF4B-00C04F79EFBC}") = "Uzduotis08", "Uzduotis08\Uzduotis08.csproj", "{B88DDFFF-8662-4A2D-A7B1-4DF4B1118100}"
EndProject
Project("{FAE04EC0-301F-11D3-BF4B-00C04F79EFBC}") = "Uzduotis09", "Uzduotis09\Uzduotis09.csproj", "{21DC3424-BB1C-440E-94CD-0E4D12DEB7B0}"
EndProject
Project("{FAE04EC0-301F-11D3-BF4B-00C04F79EFBC}") = "Uzduotis10", "Uzduotis10\Uzduotis10.csproj", "{7DE9ECA9-EA18-4C2D-9A63-3AB7BD810A01}"
EndProject
Project("{FAE04EC0-301F-11D3-BF4B-00C04F79EFBC}") = "Uzduotis11", "Uzduotis11\Uzduotis11.csproj", "{B1CDF913-B61D-4978-A715-5BBA79E17071}"
EndProject
Project("{FAE04EC0-301F-11D3-BF4B-00C04F79EFBC}") = "Uzduotis12", "Uzduotis12\Uzduotis12.csproj", "{EB9152FD-B329-4616-8CEC-38C1E8EA93F8}"
EndProject
Project("{FAE04EC0-301F-11D3-BF4B-00C04F79EFBC}") = "Uzduotis13", "Uzduotis13\Uzduotis13.csproj", "{50877176-03A3-48AC-99E2-B3CE0CF270E7}"
EndProject
Project("{FAE04EC0-301F-11D3-BF4B-00C04F79EFBC}") = "Uzduotis14", "Uzduotis14\Uzduotis14.csproj", "{1CCC999D-2E59-47A9-BECD-57DA0566626C}"
EndProject
Project("{FAE04EC0-301F-11D3-BF4B-00C04F79EFBC}") = "Uzduotis15", "Uzduotis15\Uzduotis15.csproj", "{C624FDCE-52D9-41B3-86AF-091E93377EE5}"
EndProject
Project("{FAE04EC0-301F-11D3-BF4B-00C04F79EFBC}") = "Uzduotis16", "Uzduotis16\Uzduotis16.csproj", "{D9D98666-6679-4C18-B1B6-94359185B4D2}"
EndProject
Project("{FAE04EC0-301F-11D3-BF4B-00C04F79EFBC}") = "Uzduotis17", "Uzduotis17\Uzduotis17.csproj", "{A575AABF-8FE1-40E0-99B2-86F7550128E1}"
EndProject
Project("{FAE04EC0-301F-11D3-BF4B-00C04F79EFBC}") = "Uzduotis21", "Uzduotis21\Uzduotis21.csproj", "{017E9D73-1DBC-479F-A41F-A39A42BB9DAB}"
EndProject
Project("{FAE04EC0-301F-11D3-BF4B-00C04F79EFBC}") = "Uzduotis22", "Uzduotis22\Uzduotis22.csproj", "{DFD28D08-0D00-422F-9E47-6CFBC2CC8CB9}"
EndProject
Project("{FAE04EC0-301F-11D3-BF4B-00C04F79EFBC}") = "Uzduotis23", "Uzduotis23\Uzduotis23.csproj", "{4387CA01-4400-43C4-A1F8-7780D3A11DAC}"
EndProject
Project("{FAE04EC0-301F-11D3-BF4B-00C04F79EFBC}") = "Uzduotis24", "Uzduotis24\Uzduotis24.csproj", "{475C8744-22FF-4386-BDF9-E512948369D8}"
EndProject
Project("{FAE04EC0-301F-11D3-BF4B-00C04F79EFBC}") = "Uzduotis25", "Uzduotis25\Uzduotis25.csproj", "{85331F75-23C9-4CBF-BB33-FA42F0543293}"
EndProject
Project("{FAE04EC0-301F-11D3-BF4B-00C04F79EFBC}") = "Uzduotis26", "Uzduotis26\Uzduotis26.csproj", "{4E6B8BF5-9CBA-42B2-8AB5-EEC56F798E29}"
EndProject
Project("{FAE04EC0-301F-11D3-BF4B-00C04F79EFBC}") = "Uzduotis27", "Uzduotis27\Uzduotis27.csproj", "{C746DF98-90AB-4482-BF30-327D4D1D7768}"
EndProject
Project("{FAE04EC0-301F-11D3-BF4B-00C04F79EFBC}") = "Uzduotis28", "Uzduotis28\Uzduotis28.csproj", "{FB119530-6D83-45F8-AE17-0EF7E4F2146C}"
EndProject
Project("{FAE04EC0-301F-11D3-BF4B-00C04F79EFBC}") = "Uzduotis29", "Uzduotis29\Uzduotis29.csproj", "{5509F350-F705-4933-A1BC-3F51716D4F32}"
EndProject
Project("{FAE04EC0-301F-11D3-BF4B-00C04F79EFBC}") = "Uzduotis30", "Uzduotis30\Uzduotis30.csproj", "{42FF1531-D30C-484A-878F-886DE65EB9EB}"
EndProject
Project("{FAE04EC0-301F-11D3-BF4B-00C04F79EFBC}") = "Uzduotis31", "Uzduotis31\Uzduotis31.csproj", "{633448E9-91D1-441C-BBFE-394E6E4A02FF}"
EndProject
Project("{FAE04EC0-301F-11D3-BF4B-00C04F79EFBC}") = "Uzduotis32", "Uzduotis32\Uzduotis32.csproj", "{2D45FD73-9BC6-40FB-A64B-CCCE6CC23264}"
EndProject
Project("{FAE04EC0-301F-11D3-BF4B-00C04F79EFBC}") = "Uzduotis33", "Uzduotis33\Uzduotis33.csproj", "{09B2C4AD-8CB4-4899-A621-168BB2C784EB}"
EndProject
Project("{FAE04EC0-301F-11D3-BF4B-00C04F79EFBC}") = "Uzduotis34", "Uzduotis34\Uzduotis34.csproj", "{BB65E0B8-6DF1-4CCE-BDDF-CEF315E90E0A}"
EndProject
Project("{FAE04EC0-301F-11D3-BF4B-00C04F79EFBC}") = "Uzduotis35", "Uzduotis35\Uzduotis35.csproj", "{F8D11B80-7AB2-4A64-92DE-C4F32361CEAF}"
EndProject
Project("{FAE04EC0-301F-11D3-BF4B-00C04F79EFBC}") = "Uzduotis36", "Uzduotis36\Uzduotis36.csproj", "{A5C237D7-547B-4C31-959F-255218D7540F}"
EndProject
Project("{FAE04EC0-301F-11D3-BF4B-00C04F79EFBC}") = "Uzduotis37", "Uzduotis37\Uzduotis37.csproj", "{83C70A05-F458-442C-83B4-118C0A048780}"
EndProject
Project("{FAE04EC0-301F-11D3-BF4B-00C04F79EFBC}") = "Uzduotis38", "Uzduotis38\Uzduotis38.csproj", "{60A01BA5-38B6-42ED-9036-6097FBABF435}"
EndProject
Project("{2150E333-8FDC-42A3-9474-1A3956D46DE8}") = "KitosUzduotys", "KitosUzduotys", "{9DBCD811-8B62-4465-81E5-E259C6F98AD3}"
EndProject
Project("{FAE04EC0-301F-11D3-BF4B-00C04F79EFBC}") = "Uzduotis18", "Uzduotis18\Uzduotis18.csproj", "{75300EF2-EAC1-42F3-850A-C07063418CE9}"
EndProject
Project("{FAE04EC0-301F-11D3-BF4B-00C04F79EFBC}") = "Uzduotis19", "Uzduotis19\Uzduotis19.csproj", "{C386132D-B55F-4620-974D-86D71E74EB26}"
EndProject
Project("{FAE04EC0-301F-11D3-BF4B-00C04F79EFBC}") = "Uzduotis20", "Uzduotis20\Uzduotis20.csproj", "{647457D8-57E9-46E3-8C8B-267617061EC9}"
EndProject
Project("{FAE04EC0-301F-11D3-BF4B-00C04F79EFBC}") = "Uzduotis39", "Uzduotis39\Uzduotis39.csproj", "{43EF35B6-DA08-4804-ABB1-7A15CCC8CB07}"
EndProject
Global
	GlobalSection(SolutionConfigurationPlatforms) = preSolution
		Debug|Any CPU = Debug|Any CPU
		Release|Any CPU = Release|Any CPU
	EndGlobalSection
	GlobalSection(ProjectConfigurationPlatforms) = postSolution
		{EFB5D0E5-0F2F-44FC-96AC-B7760DFE842D}.Debug|Any CPU.ActiveCfg = Debug|Any CPU
		{EFB5D0E5-0F2F-44FC-96AC-B7760DFE842D}.Debug|Any CPU.Build.0 = Debug|Any CPU
		{EFB5D0E5-0F2F-44FC-96AC-B7760DFE842D}.Release|Any CPU.ActiveCfg = Release|Any CPU
		{EFB5D0E5-0F2F-44FC-96AC-B7760DFE842D}.Release|Any CPU.Build.0 = Release|Any CPU
		{9A728C8F-8E15-4233-8725-4498CECE4994}.Debug|Any CPU.ActiveCfg = Debug|Any CPU
		{9A728C8F-8E15-4233-8725-4498CECE4994}.Debug|Any CPU.Build.0 = Debug|Any CPU
		{9A728C8F-8E15-4233-8725-4498CECE4994}.Release|Any CPU.ActiveCfg = Release|Any CPU
		{9A728C8F-8E15-4233-8725-4498CECE4994}.Release|Any CPU.Build.0 = Release|Any CPU
		{82AAD9A2-27D4-4EC4-93C8-A006CEBA74FB}.Debug|Any CPU.ActiveCfg = Debug|Any CPU
		{82AAD9A2-27D4-4EC4-93C8-A006CEBA74FB}.Debug|Any CPU.Build.0 = Debug|Any CPU
		{82AAD9A2-27D4-4EC4-93C8-A006CEBA74FB}.Release|Any CPU.ActiveCfg = Release|Any CPU
		{82AAD9A2-27D4-4EC4-93C8-A006CEBA74FB}.Release|Any CPU.Build.0 = Release|Any CPU
		{39E64C70-441D-40C1-B344-FFF2D2A687F0}.Debug|Any CPU.ActiveCfg = Debug|Any CPU
		{39E64C70-441D-40C1-B344-FFF2D2A687F0}.Debug|Any CPU.Build.0 = Debug|Any CPU
		{39E64C70-441D-40C1-B344-FFF2D2A687F0}.Release|Any CPU.ActiveCfg = Release|Any CPU
		{39E64C70-441D-40C1-B344-FFF2D2A687F0}.Release|Any CPU.Build.0 = Release|Any CPU
		{595060C2-E395-4465-87A0-AA32E46E1665}.Debug|Any CPU.ActiveCfg = Debug|Any CPU
		{595060C2-E395-4465-87A0-AA32E46E1665}.Debug|Any CPU.Build.0 = Debug|Any CPU
		{595060C2-E395-4465-87A0-AA32E46E1665}.Release|Any CPU.ActiveCfg = Release|Any CPU
		{595060C2-E395-4465-87A0-AA32E46E1665}.Release|Any CPU.Build.0 = Release|Any CPU
		{80F13E4E-FCD0-4993-A3B6-4F33AA059D2A}.Debug|Any CPU.ActiveCfg = Debug|Any CPU
		{80F13E4E-FCD0-4993-A3B6-4F33AA059D2A}.Debug|Any CPU.Build.0 = Debug|Any CPU
		{80F13E4E-FCD0-4993-A3B6-4F33AA059D2A}.Release|Any CPU.ActiveCfg = Release|Any CPU
		{80F13E4E-FCD0-4993-A3B6-4F33AA059D2A}.Release|Any CPU.Build.0 = Release|Any CPU
		{A2CE8CF1-0B91-4227-A59B-B6DA5D2EBBE1}.Debug|Any CPU.ActiveCfg = Debug|Any CPU
		{A2CE8CF1-0B91-4227-A59B-B6DA5D2EBBE1}.Debug|Any CPU.Build.0 = Debug|Any CPU
		{A2CE8CF1-0B91-4227-A59B-B6DA5D2EBBE1}.Release|Any CPU.ActiveCfg = Release|Any CPU
		{A2CE8CF1-0B91-4227-A59B-B6DA5D2EBBE1}.Release|Any CPU.Build.0 = Release|Any CPU
		{9C7FEB5D-3D56-4083-9CDA-4EDE530537D5}.Debug|Any CPU.ActiveCfg = Debug|Any CPU
		{9C7FEB5D-3D56-4083-9CDA-4EDE530537D5}.Debug|Any CPU.Build.0 = Debug|Any CPU
		{9C7FEB5D-3D56-4083-9CDA-4EDE530537D5}.Release|Any CPU.ActiveCfg = Release|Any CPU
		{9C7FEB5D-3D56-4083-9CDA-4EDE530537D5}.Release|Any CPU.Build.0 = Release|Any CPU
		{E83FA00D-067A-409E-AAEE-89338F6E0DF0}.Debug|Any CPU.ActiveCfg = Debug|Any CPU
		{E83FA00D-067A-409E-AAEE-89338F6E0DF0}.Debug|Any CPU.Build.0 = Debug|Any CPU
		{E83FA00D-067A-409E-AAEE-89338F6E0DF0}.Release|Any CPU.ActiveCfg = Release|Any CPU
		{E83FA00D-067A-409E-AAEE-89338F6E0DF0}.Release|Any CPU.Build.0 = Release|Any CPU
		{72A6F307-933D-40BF-92CB-CD09257D3CC0}.Debug|Any CPU.ActiveCfg = Debug|Any CPU
		{72A6F307-933D-40BF-92CB-CD09257D3CC0}.Debug|Any CPU.Build.0 = Debug|Any CPU
		{72A6F307-933D-40BF-92CB-CD09257D3CC0}.Release|Any CPU.ActiveCfg = Release|Any CPU
		{72A6F307-933D-40BF-92CB-CD09257D3CC0}.Release|Any CPU.Build.0 = Release|Any CPU
		{E1073E26-79AD-478C-8074-D26BF66FE56C}.Debug|Any CPU.ActiveCfg = Debug|Any CPU
		{E1073E26-79AD-478C-8074-D26BF66FE56C}.Debug|Any CPU.Build.0 = Debug|Any CPU
		{E1073E26-79AD-478C-8074-D26BF66FE56C}.Release|Any CPU.ActiveCfg = Release|Any CPU
		{E1073E26-79AD-478C-8074-D26BF66FE56C}.Release|Any CPU.Build.0 = Release|Any CPU
		{58E01A3E-CC9C-4F9B-A61C-31A92CF10991}.Debug|Any CPU.ActiveCfg = Debug|Any CPU
		{58E01A3E-CC9C-4F9B-A61C-31A92CF10991}.Debug|Any CPU.Build.0 = Debug|Any CPU
		{58E01A3E-CC9C-4F9B-A61C-31A92CF10991}.Release|Any CPU.ActiveCfg = Release|Any CPU
		{58E01A3E-CC9C-4F9B-A61C-31A92CF10991}.Release|Any CPU.Build.0 = Release|Any CPU
		{679BDDA8-700F-4190-92B8-D3E34FAB0ECF}.Debug|Any CPU.ActiveCfg = Debug|Any CPU
		{679BDDA8-700F-4190-92B8-D3E34FAB0ECF}.Debug|Any CPU.Build.0 = Debug|Any CPU
		{679BDDA8-700F-4190-92B8-D3E34FAB0ECF}.Release|Any CPU.ActiveCfg = Release|Any CPU
		{679BDDA8-700F-4190-92B8-D3E34FAB0ECF}.Release|Any CPU.Build.0 = Release|Any CPU
		{464A593A-932F-490E-8DD1-764189A47299}.Debug|Any CPU.ActiveCfg = Debug|Any CPU
		{464A593A-932F-490E-8DD1-764189A47299}.Debug|Any CPU.Build.0 = Debug|Any CPU
		{464A593A-932F-490E-8DD1-764189A47299}.Release|Any CPU.ActiveCfg = Release|Any CPU
		{464A593A-932F-490E-8DD1-764189A47299}.Release|Any CPU.Build.0 = Release|Any CPU
		{273B133F-87C3-439D-9073-5A8A4FE9291A}.Debug|Any CPU.ActiveCfg = Debug|Any CPU
		{273B133F-87C3-439D-9073-5A8A4FE9291A}.Debug|Any CPU.Build.0 = Debug|Any CPU
		{273B133F-87C3-439D-9073-5A8A4FE9291A}.Release|Any CPU.ActiveCfg = Release|Any CPU
		{273B133F-87C3-439D-9073-5A8A4FE9291A}.Release|Any CPU.Build.0 = Release|Any CPU
		{2647E8B4-FCA1-4526-AD3A-ECD7D7DD0F64}.Debug|Any CPU.ActiveCfg = Debug|Any CPU
		{2647E8B4-FCA1-4526-AD3A-ECD7D7DD0F64}.Debug|Any CPU.Build.0 = Debug|Any CPU
		{2647E8B4-FCA1-4526-AD3A-ECD7D7DD0F64}.Release|Any CPU.ActiveCfg = Release|Any CPU
		{2647E8B4-FCA1-4526-AD3A-ECD7D7DD0F64}.Release|Any CPU.Build.0 = Release|Any CPU
		{C355BF92-BDCB-416D-B008-9F046C27C2F9}.Debug|Any CPU.ActiveCfg = Debug|Any CPU
		{C355BF92-BDCB-416D-B008-9F046C27C2F9}.Debug|Any CPU.Build.0 = Debug|Any CPU
		{C355BF92-BDCB-416D-B008-9F046C27C2F9}.Release|Any CPU.ActiveCfg = Release|Any CPU
		{C355BF92-BDCB-416D-B008-9F046C27C2F9}.Release|Any CPU.Build.0 = Release|Any CPU
		{2396435C-9B39-4C79-826E-8006943A0463}.Debug|Any CPU.ActiveCfg = Debug|Any CPU
		{2396435C-9B39-4C79-826E-8006943A0463}.Debug|Any CPU.Build.0 = Debug|Any CPU
		{2396435C-9B39-4C79-826E-8006943A0463}.Release|Any CPU.ActiveCfg = Release|Any CPU
		{2396435C-9B39-4C79-826E-8006943A0463}.Release|Any CPU.Build.0 = Release|Any CPU
		{31986544-24AE-4B19-9233-CF114E3F0673}.Debug|Any CPU.ActiveCfg = Debug|Any CPU
		{31986544-24AE-4B19-9233-CF114E3F0673}.Debug|Any CPU.Build.0 = Debug|Any CPU
		{31986544-24AE-4B19-9233-CF114E3F0673}.Release|Any CPU.ActiveCfg = Release|Any CPU
		{31986544-24AE-4B19-9233-CF114E3F0673}.Release|Any CPU.Build.0 = Release|Any CPU
		{B88DDFFF-8662-4A2D-A7B1-4DF4B1118100}.Debug|Any CPU.ActiveCfg = Debug|Any CPU
		{B88DDFFF-8662-4A2D-A7B1-4DF4B1118100}.Debug|Any CPU.Build.0 = Debug|Any CPU
		{B88DDFFF-8662-4A2D-A7B1-4DF4B1118100}.Release|Any CPU.ActiveCfg = Release|Any CPU
		{B88DDFFF-8662-4A2D-A7B1-4DF4B1118100}.Release|Any CPU.Build.0 = Release|Any CPU
		{21DC3424-BB1C-440E-94CD-0E4D12DEB7B0}.Debug|Any CPU.ActiveCfg = Debug|Any CPU
		{21DC3424-BB1C-440E-94CD-0E4D12DEB7B0}.Debug|Any CPU.Build.0 = Debug|Any CPU
		{21DC3424-BB1C-440E-94CD-0E4D12DEB7B0}.Release|Any CPU.ActiveCfg = Release|Any CPU
		{21DC3424-BB1C-440E-94CD-0E4D12DEB7B0}.Release|Any CPU.Build.0 = Release|Any CPU
		{7DE9ECA9-EA18-4C2D-9A63-3AB7BD810A01}.Debug|Any CPU.ActiveCfg = Debug|Any CPU
		{7DE9ECA9-EA18-4C2D-9A63-3AB7BD810A01}.Debug|Any CPU.Build.0 = Debug|Any CPU
		{7DE9ECA9-EA18-4C2D-9A63-3AB7BD810A01}.Release|Any CPU.ActiveCfg = Release|Any CPU
		{7DE9ECA9-EA18-4C2D-9A63-3AB7BD810A01}.Release|Any CPU.Build.0 = Release|Any CPU
		{B1CDF913-B61D-4978-A715-5BBA79E17071}.Debug|Any CPU.ActiveCfg = Debug|Any CPU
		{B1CDF913-B61D-4978-A715-5BBA79E17071}.Debug|Any CPU.Build.0 = Debug|Any CPU
		{B1CDF913-B61D-4978-A715-5BBA79E17071}.Release|Any CPU.ActiveCfg = Release|Any CPU
		{B1CDF913-B61D-4978-A715-5BBA79E17071}.Release|Any CPU.Build.0 = Release|Any CPU
		{EB9152FD-B329-4616-8CEC-38C1E8EA93F8}.Debug|Any CPU.ActiveCfg = Debug|Any CPU
		{EB9152FD-B329-4616-8CEC-38C1E8EA93F8}.Debug|Any CPU.Build.0 = Debug|Any CPU
		{EB9152FD-B329-4616-8CEC-38C1E8EA93F8}.Release|Any CPU.ActiveCfg = Release|Any CPU
		{EB9152FD-B329-4616-8CEC-38C1E8EA93F8}.Release|Any CPU.Build.0 = Release|Any CPU
		{50877176-03A3-48AC-99E2-B3CE0CF270E7}.Debug|Any CPU.ActiveCfg = Debug|Any CPU
		{50877176-03A3-48AC-99E2-B3CE0CF270E7}.Debug|Any CPU.Build.0 = Debug|Any CPU
		{50877176-03A3-48AC-99E2-B3CE0CF270E7}.Release|Any CPU.ActiveCfg = Release|Any CPU
		{50877176-03A3-48AC-99E2-B3CE0CF270E7}.Release|Any CPU.Build.0 = Release|Any CPU
		{1CCC999D-2E59-47A9-BECD-57DA0566626C}.Debug|Any CPU.ActiveCfg = Debug|Any CPU
		{1CCC999D-2E59-47A9-BECD-57DA0566626C}.Debug|Any CPU.Build.0 = Debug|Any CPU
		{1CCC999D-2E59-47A9-BECD-57DA0566626C}.Release|Any CPU.ActiveCfg = Release|Any CPU
		{1CCC999D-2E59-47A9-BECD-57DA0566626C}.Release|Any CPU.Build.0 = Release|Any CPU
		{C624FDCE-52D9-41B3-86AF-091E93377EE5}.Debug|Any CPU.ActiveCfg = Debug|Any CPU
		{C624FDCE-52D9-41B3-86AF-091E93377EE5}.Debug|Any CPU.Build.0 = Debug|Any CPU
		{C624FDCE-52D9-41B3-86AF-091E93377EE5}.Release|Any CPU.ActiveCfg = Release|Any CPU
		{C624FDCE-52D9-41B3-86AF-091E93377EE5}.Release|Any CPU.Build.0 = Release|Any CPU
		{D9D98666-6679-4C18-B1B6-94359185B4D2}.Debug|Any CPU.ActiveCfg = Debug|Any CPU
		{D9D98666-6679-4C18-B1B6-94359185B4D2}.Debug|Any CPU.Build.0 = Debug|Any CPU
		{D9D98666-6679-4C18-B1B6-94359185B4D2}.Release|Any CPU.ActiveCfg = Release|Any CPU
		{D9D98666-6679-4C18-B1B6-94359185B4D2}.Release|Any CPU.Build.0 = Release|Any CPU
		{A575AABF-8FE1-40E0-99B2-86F7550128E1}.Debug|Any CPU.ActiveCfg = Debug|Any CPU
		{A575AABF-8FE1-40E0-99B2-86F7550128E1}.Debug|Any CPU.Build.0 = Debug|Any CPU
		{A575AABF-8FE1-40E0-99B2-86F7550128E1}.Release|Any CPU.ActiveCfg = Release|Any CPU
		{A575AABF-8FE1-40E0-99B2-86F7550128E1}.Release|Any CPU.Build.0 = Release|Any CPU
		{017E9D73-1DBC-479F-A41F-A39A42BB9DAB}.Debug|Any CPU.ActiveCfg = Debug|Any CPU
		{017E9D73-1DBC-479F-A41F-A39A42BB9DAB}.Debug|Any CPU.Build.0 = Debug|Any CPU
		{017E9D73-1DBC-479F-A41F-A39A42BB9DAB}.Release|Any CPU.ActiveCfg = Release|Any CPU
		{017E9D73-1DBC-479F-A41F-A39A42BB9DAB}.Release|Any CPU.Build.0 = Release|Any CPU
		{DFD28D08-0D00-422F-9E47-6CFBC2CC8CB9}.Debug|Any CPU.ActiveCfg = Debug|Any CPU
		{DFD28D08-0D00-422F-9E47-6CFBC2CC8CB9}.Debug|Any CPU.Build.0 = Debug|Any CPU
		{DFD28D08-0D00-422F-9E47-6CFBC2CC8CB9}.Release|Any CPU.ActiveCfg = Release|Any CPU
		{DFD28D08-0D00-422F-9E47-6CFBC2CC8CB9}.Release|Any CPU.Build.0 = Release|Any CPU
		{4387CA01-4400-43C4-A1F8-7780D3A11DAC}.Debug|Any CPU.ActiveCfg = Debug|Any CPU
		{4387CA01-4400-43C4-A1F8-7780D3A11DAC}.Debug|Any CPU.Build.0 = Debug|Any CPU
		{4387CA01-4400-43C4-A1F8-7780D3A11DAC}.Release|Any CPU.ActiveCfg = Release|Any CPU
		{4387CA01-4400-43C4-A1F8-7780D3A11DAC}.Release|Any CPU.Build.0 = Release|Any CPU
		{475C8744-22FF-4386-BDF9-E512948369D8}.Debug|Any CPU.ActiveCfg = Debug|Any CPU
		{475C8744-22FF-4386-BDF9-E512948369D8}.Debug|Any CPU.Build.0 = Debug|Any CPU
		{475C8744-22FF-4386-BDF9-E512948369D8}.Release|Any CPU.ActiveCfg = Release|Any CPU
		{475C8744-22FF-4386-BDF9-E512948369D8}.Release|Any CPU.Build.0 = Release|Any CPU
		{85331F75-23C9-4CBF-BB33-FA42F0543293}.Debug|Any CPU.ActiveCfg = Debug|Any CPU
		{85331F75-23C9-4CBF-BB33-FA42F0543293}.Debug|Any CPU.Build.0 = Debug|Any CPU
		{85331F75-23C9-4CBF-BB33-FA42F0543293}.Release|Any CPU.ActiveCfg = Release|Any CPU
		{85331F75-23C9-4CBF-BB33-FA42F0543293}.Release|Any CPU.Build.0 = Release|Any CPU
		{4E6B8BF5-9CBA-42B2-8AB5-EEC56F798E29}.Debug|Any CPU.ActiveCfg = Debug|Any CPU
		{4E6B8BF5-9CBA-42B2-8AB5-EEC56F798E29}.Debug|Any CPU.Build.0 = Debug|Any CPU
		{4E6B8BF5-9CBA-42B2-8AB5-EEC56F798E29}.Release|Any CPU.ActiveCfg = Release|Any CPU
		{4E6B8BF5-9CBA-42B2-8AB5-EEC56F798E29}.Release|Any CPU.Build.0 = Release|Any CPU
		{C746DF98-90AB-4482-BF30-327D4D1D7768}.Debug|Any CPU.ActiveCfg = Debug|Any CPU
		{C746DF98-90AB-4482-BF30-327D4D1D7768}.Debug|Any CPU.Build.0 = Debug|Any CPU
		{C746DF98-90AB-4482-BF30-327D4D1D7768}.Release|Any CPU.ActiveCfg = Release|Any CPU
		{C746DF98-90AB-4482-BF30-327D4D1D7768}.Release|Any CPU.Build.0 = Release|Any CPU
		{FB119530-6D83-45F8-AE17-0EF7E4F2146C}.Debug|Any CPU.ActiveCfg = Debug|Any CPU
		{FB119530-6D83-45F8-AE17-0EF7E4F2146C}.Debug|Any CPU.Build.0 = Debug|Any CPU
		{FB119530-6D83-45F8-AE17-0EF7E4F2146C}.Release|Any CPU.ActiveCfg = Release|Any CPU
		{FB119530-6D83-45F8-AE17-0EF7E4F2146C}.Release|Any CPU.Build.0 = Release|Any CPU
		{5509F350-F705-4933-A1BC-3F51716D4F32}.Debug|Any CPU.ActiveCfg = Debug|Any CPU
		{5509F350-F705-4933-A1BC-3F51716D4F32}.Debug|Any CPU.Build.0 = Debug|Any CPU
		{5509F350-F705-4933-A1BC-3F51716D4F32}.Release|Any CPU.ActiveCfg = Release|Any CPU
		{5509F350-F705-4933-A1BC-3F51716D4F32}.Release|Any CPU.Build.0 = Release|Any CPU
		{42FF1531-D30C-484A-878F-886DE65EB9EB}.Debug|Any CPU.ActiveCfg = Debug|Any CPU
		{42FF1531-D30C-484A-878F-886DE65EB9EB}.Debug|Any CPU.Build.0 = Debug|Any CPU
		{42FF1531-D30C-484A-878F-886DE65EB9EB}.Release|Any CPU.ActiveCfg = Release|Any CPU
		{42FF1531-D30C-484A-878F-886DE65EB9EB}.Release|Any CPU.Build.0 = Release|Any CPU
		{633448E9-91D1-441C-BBFE-394E6E4A02FF}.Debug|Any CPU.ActiveCfg = Debug|Any CPU
		{633448E9-91D1-441C-BBFE-394E6E4A02FF}.Debug|Any CPU.Build.0 = Debug|Any CPU
		{633448E9-91D1-441C-BBFE-394E6E4A02FF}.Release|Any CPU.ActiveCfg = Release|Any CPU
		{633448E9-91D1-441C-BBFE-394E6E4A02FF}.Release|Any CPU.Build.0 = Release|Any CPU
		{2D45FD73-9BC6-40FB-A64B-CCCE6CC23264}.Debug|Any CPU.ActiveCfg = Debug|Any CPU
		{2D45FD73-9BC6-40FB-A64B-CCCE6CC23264}.Debug|Any CPU.Build.0 = Debug|Any CPU
		{2D45FD73-9BC6-40FB-A64B-CCCE6CC23264}.Release|Any CPU.ActiveCfg = Release|Any CPU
		{2D45FD73-9BC6-40FB-A64B-CCCE6CC23264}.Release|Any CPU.Build.0 = Release|Any CPU
		{09B2C4AD-8CB4-4899-A621-168BB2C784EB}.Debug|Any CPU.ActiveCfg = Debug|Any CPU
		{09B2C4AD-8CB4-4899-A621-168BB2C784EB}.Debug|Any CPU.Build.0 = Debug|Any CPU
		{09B2C4AD-8CB4-4899-A621-168BB2C784EB}.Release|Any CPU.ActiveCfg = Release|Any CPU
		{09B2C4AD-8CB4-4899-A621-168BB2C784EB}.Release|Any CPU.Build.0 = Release|Any CPU
		{BB65E0B8-6DF1-4CCE-BDDF-CEF315E90E0A}.Debug|Any CPU.ActiveCfg = Debug|Any CPU
		{BB65E0B8-6DF1-4CCE-BDDF-CEF315E90E0A}.Debug|Any CPU.Build.0 = Debug|Any CPU
		{BB65E0B8-6DF1-4CCE-BDDF-CEF315E90E0A}.Release|Any CPU.ActiveCfg = Release|Any CPU
		{BB65E0B8-6DF1-4CCE-BDDF-CEF315E90E0A}.Release|Any CPU.Build.0 = Release|Any CPU
		{F8D11B80-7AB2-4A64-92DE-C4F32361CEAF}.Debug|Any CPU.ActiveCfg = Debug|Any CPU
		{F8D11B80-7AB2-4A64-92DE-C4F32361CEAF}.Debug|Any CPU.Build.0 = Debug|Any CPU
		{F8D11B80-7AB2-4A64-92DE-C4F32361CEAF}.Release|Any CPU.ActiveCfg = Release|Any CPU
		{F8D11B80-7AB2-4A64-92DE-C4F32361CEAF}.Release|Any CPU.Build.0 = Release|Any CPU
		{A5C237D7-547B-4C31-959F-255218D7540F}.Debug|Any CPU.ActiveCfg = Debug|Any CPU
		{A5C237D7-547B-4C31-959F-255218D7540F}.Debug|Any CPU.Build.0 = Debug|Any CPU
		{A5C237D7-547B-4C31-959F-255218D7540F}.Release|Any CPU.ActiveCfg = Release|Any CPU
		{A5C237D7-547B-4C31-959F-255218D7540F}.Release|Any CPU.Build.0 = Release|Any CPU
		{83C70A05-F458-442C-83B4-118C0A048780}.Debug|Any CPU.ActiveCfg = Debug|Any CPU
		{83C70A05-F458-442C-83B4-118C0A048780}.Debug|Any CPU.Build.0 = Debug|Any CPU
		{83C70A05-F458-442C-83B4-118C0A048780}.Release|Any CPU.ActiveCfg = Release|Any CPU
		{83C70A05-F458-442C-83B4-118C0A048780}.Release|Any CPU.Build.0 = Release|Any CPU
		{60A01BA5-38B6-42ED-9036-6097FBABF435}.Debug|Any CPU.ActiveCfg = Debug|Any CPU
		{60A01BA5-38B6-42ED-9036-6097FBABF435}.Debug|Any CPU.Build.0 = Debug|Any CPU
		{60A01BA5-38B6-42ED-9036-6097FBABF435}.Release|Any CPU.ActiveCfg = Release|Any CPU
		{60A01BA5-38B6-42ED-9036-6097FBABF435}.Release|Any CPU.Build.0 = Release|Any CPU
		{75300EF2-EAC1-42F3-850A-C07063418CE9}.Debug|Any CPU.ActiveCfg = Debug|Any CPU
		{75300EF2-EAC1-42F3-850A-C07063418CE9}.Debug|Any CPU.Build.0 = Debug|Any CPU
		{75300EF2-EAC1-42F3-850A-C07063418CE9}.Release|Any CPU.ActiveCfg = Release|Any CPU
		{75300EF2-EAC1-42F3-850A-C07063418CE9}.Release|Any CPU.Build.0 = Release|Any CPU
		{C386132D-B55F-4620-974D-86D71E74EB26}.Debug|Any CPU.ActiveCfg = Debug|Any CPU
		{C386132D-B55F-4620-974D-86D71E74EB26}.Debug|Any CPU.Build.0 = Debug|Any CPU
		{C386132D-B55F-4620-974D-86D71E74EB26}.Release|Any CPU.ActiveCfg = Release|Any CPU
		{C386132D-B55F-4620-974D-86D71E74EB26}.Release|Any CPU.Build.0 = Release|Any CPU
		{647457D8-57E9-46E3-8C8B-267617061EC9}.Debug|Any CPU.ActiveCfg = Debug|Any CPU
		{647457D8-57E9-46E3-8C8B-267617061EC9}.Debug|Any CPU.Build.0 = Debug|Any CPU
		{647457D8-57E9-46E3-8C8B-267617061EC9}.Release|Any CPU.ActiveCfg = Release|Any CPU
		{647457D8-57E9-46E3-8C8B-267617061EC9}.Release|Any CPU.Build.0 = Release|Any CPU
		{43EF35B6-DA08-4804-ABB1-7A15CCC8CB07}.Debug|Any CPU.ActiveCfg = Debug|Any CPU
		{43EF35B6-DA08-4804-ABB1-7A15CCC8CB07}.Debug|Any CPU.Build.0 = Debug|Any CPU
		{43EF35B6-DA08-4804-ABB1-7A15CCC8CB07}.Release|Any CPU.ActiveCfg = Release|Any CPU
		{43EF35B6-DA08-4804-ABB1-7A15CCC8CB07}.Release|Any CPU.Build.0 = Release|Any CPU
	EndGlobalSection
	GlobalSection(SolutionProperties) = preSolution
		HideSolutionNode = FALSE
	EndGlobalSection
	GlobalSection(NestedProjects) = preSolution
		{EFB5D0E5-0F2F-44FC-96AC-B7760DFE842D} = {7D9DB921-8EAE-40D3-91AA-8AA6520F488E}
		{9A728C8F-8E15-4233-8725-4498CECE4994} = {0272232B-5811-4CB2-A927-6C130E07A8E1}
		{82AAD9A2-27D4-4EC4-93C8-A006CEBA74FB} = {357A0F3A-D213-4116-8A6F-F53552BA5640}
		{39E64C70-441D-40C1-B344-FFF2D2A687F0} = {C057C049-F4F3-405B-A6B2-C17EE30A3C8A}
		{595060C2-E395-4465-87A0-AA32E46E1665} = {0272232B-5811-4CB2-A927-6C130E07A8E1}
		{80F13E4E-FCD0-4993-A3B6-4F33AA059D2A} = {0272232B-5811-4CB2-A927-6C130E07A8E1}
		{A2CE8CF1-0B91-4227-A59B-B6DA5D2EBBE1} = {0272232B-5811-4CB2-A927-6C130E07A8E1}
		{9C7FEB5D-3D56-4083-9CDA-4EDE530537D5} = {0272232B-5811-4CB2-A927-6C130E07A8E1}
		{E83FA00D-067A-409E-AAEE-89338F6E0DF0} = {357A0F3A-D213-4116-8A6F-F53552BA5640}
		{72A6F307-933D-40BF-92CB-CD09257D3CC0} = {357A0F3A-D213-4116-8A6F-F53552BA5640}
		{E1073E26-79AD-478C-8074-D26BF66FE56C} = {646DBCB5-DC4F-480E-93CF-18B2E2448AB5}
		{58E01A3E-CC9C-4F9B-A61C-31A92CF10991} = {A13AA6EC-74B9-48D9-99A1-3186E78C4DEF}
		{679BDDA8-700F-4190-92B8-D3E34FAB0ECF} = {AAEEB684-1883-40D7-A5EF-CBDEB3A3ABC1}
		{464A593A-932F-490E-8DD1-764189A47299} = {9E968F50-3F69-4801-8613-70D465028A13}
		{273B133F-87C3-439D-9073-5A8A4FE9291A} = {70DC7690-8102-41B0-9EB4-95638C9515FB}
		{2647E8B4-FCA1-4526-AD3A-ECD7D7DD0F64} = {3AAF1A6E-853E-479B-9903-97773275207D}
		{C355BF92-BDCB-416D-B008-9F046C27C2F9} = {C3D15B06-35DA-4B45-8EAA-E5D5FF8B158D}
		{2396435C-9B39-4C79-826E-8006943A0463} = {1939F014-B210-4DC8-82E2-2A84641EC11C}
		{31986544-24AE-4B19-9233-CF114E3F0673} = {C057C049-F4F3-405B-A6B2-C17EE30A3C8A}
		{B88DDFFF-8662-4A2D-A7B1-4DF4B1118100} = {C057C049-F4F3-405B-A6B2-C17EE30A3C8A}
		{21DC3424-BB1C-440E-94CD-0E4D12DEB7B0} = {646DBCB5-DC4F-480E-93CF-18B2E2448AB5}
		{7DE9ECA9-EA18-4C2D-9A63-3AB7BD810A01} = {646DBCB5-DC4F-480E-93CF-18B2E2448AB5}
		{B1CDF913-B61D-4978-A715-5BBA79E17071} = {646DBCB5-DC4F-480E-93CF-18B2E2448AB5}
		{EB9152FD-B329-4616-8CEC-38C1E8EA93F8} = {646DBCB5-DC4F-480E-93CF-18B2E2448AB5}
		{50877176-03A3-48AC-99E2-B3CE0CF270E7} = {A13AA6EC-74B9-48D9-99A1-3186E78C4DEF}
		{1CCC999D-2E59-47A9-BECD-57DA0566626C} = {A13AA6EC-74B9-48D9-99A1-3186E78C4DEF}
		{C624FDCE-52D9-41B3-86AF-091E93377EE5} = {AAEEB684-1883-40D7-A5EF-CBDEB3A3ABC1}
		{D9D98666-6679-4C18-B1B6-94359185B4D2} = {AAEEB684-1883-40D7-A5EF-CBDEB3A3ABC1}
		{A575AABF-8FE1-40E0-99B2-86F7550128E1} = {9E968F50-3F69-4801-8613-70D465028A13}
		{017E9D73-1DBC-479F-A41F-A39A42BB9DAB} = {70DC7690-8102-41B0-9EB4-95638C9515FB}
		{DFD28D08-0D00-422F-9E47-6CFBC2CC8CB9} = {70DC7690-8102-41B0-9EB4-95638C9515FB}
		{4387CA01-4400-43C4-A1F8-7780D3A11DAC} = {70DC7690-8102-41B0-9EB4-95638C9515FB}
		{475C8744-22FF-4386-BDF9-E512948369D8} = {70DC7690-8102-41B0-9EB4-95638C9515FB}
		{85331F75-23C9-4CBF-BB33-FA42F0543293} = {70DC7690-8102-41B0-9EB4-95638C9515FB}
		{4E6B8BF5-9CBA-42B2-8AB5-EEC56F798E29} = {3AAF1A6E-853E-479B-9903-97773275207D}
		{C746DF98-90AB-4482-BF30-327D4D1D7768} = {3AAF1A6E-853E-479B-9903-97773275207D}
		{FB119530-6D83-45F8-AE17-0EF7E4F2146C} = {C3D15B06-35DA-4B45-8EAA-E5D5FF8B158D}
		{5509F350-F705-4933-A1BC-3F51716D4F32} = {C3D15B06-35DA-4B45-8EAA-E5D5FF8B158D}
		{42FF1531-D30C-484A-878F-886DE65EB9EB} = {C3D15B06-35DA-4B45-8EAA-E5D5FF8B158D}
		{633448E9-91D1-441C-BBFE-394E6E4A02FF} = {C3D15B06-35DA-4B45-8EAA-E5D5FF8B158D}
		{2D45FD73-9BC6-40FB-A64B-CCCE6CC23264} = {C3D15B06-35DA-4B45-8EAA-E5D5FF8B158D}
		{09B2C4AD-8CB4-4899-A621-168BB2C784EB} = {C3D15B06-35DA-4B45-8EAA-E5D5FF8B158D}
		{BB65E0B8-6DF1-4CCE-BDDF-CEF315E90E0A} = {C3D15B06-35DA-4B45-8EAA-E5D5FF8B158D}
		{F8D11B80-7AB2-4A64-92DE-C4F32361CEAF} = {C3D15B06-35DA-4B45-8EAA-E5D5FF8B158D}
		{A5C237D7-547B-4C31-959F-255218D7540F} = {1939F014-B210-4DC8-82E2-2A84641EC11C}
		{83C70A05-F458-442C-83B4-118C0A048780} = {1939F014-B210-4DC8-82E2-2A84641EC11C}
		{60A01BA5-38B6-42ED-9036-6097FBABF435} = {1939F014-B210-4DC8-82E2-2A84641EC11C}
		{75300EF2-EAC1-42F3-850A-C07063418CE9} = {9DBCD811-8B62-4465-81E5-E259C6F98AD3}
		{C386132D-B55F-4620-974D-86D71E74EB26} = {9DBCD811-8B62-4465-81E5-E259C6F98AD3}
		{647457D8-57E9-46E3-8C8B-267617061EC9} = {9DBCD811-8B62-4465-81E5-E259C6F98AD3}
		{43EF35B6-DA08-4804-ABB1-7A15CCC8CB07} = {9DBCD811-8B62-4465-81E5-E259C6F98AD3}
	EndGlobalSection
	GlobalSection(ExtensibilityGlobals) = postSolution
		SolutionGuid = {8E885A1A-0333-4BD9-9208-5AF1E3E22609}
	EndGlobalSection
EndGlobal
